
Microsoft Visual Studio Solution File, Format Version 12.00
# Visual Studio 14
VisualStudioVersion = 14.0.25420.1
MinimumVisualStudioVersion = 10.0.40219.1
Project("{FAE04EC0-301F-11D3-BF4B-00C04F79EFBC}") = "MicroStore", "MicroStore\MicroStore.csproj", "{C732EDE9-8AAC-48FE-8A99-0067570707C2}"
EndProject
Global
	GlobalSection(SolutionConfigurationPlatforms) = preSolution
		Debug|Any CPU = Debug|Any CPU
		Release|Any CPU = Release|Any CPU
	EndGlobalSection
	GlobalSection(ProjectConfigurationPlatforms) = postSolution
		{C732EDE9-8AAC-48FE-8A99-0067570707C2}.Debug|Any CPU.ActiveCfg = Debug|Any CPU
		{C732EDE9-8AAC-48FE-8A99-0067570707C2}.Debug|Any CPU.Build.0 = Debug|Any CPU
		{C732EDE9-8AAC-48FE-8A99-0067570707C2}.Release|Any CPU.ActiveCfg = Release|Any CPU
		{C732EDE9-8AAC-48FE-8A99-0067570707C2}.Release|Any CPU.Build.0 = Release|Any CPU
	EndGlobalSection
	GlobalSection(SolutionProperties) = preSolution
		HideSolutionNode = FALSE
	EndGlobalSection
EndGlobal
